// !$*UTF8*$!
{
	archiveVersion = 1;
	classes = {
	};
	objectVersion = 56;
	objects = {

/* Begin PBXBuildFile section */
		C12E5E832A78F834003FF8FF /* AppDelegate.swift in Sources */ = {isa = PBXBuildFile; fileRef = C12E5E822A78F834003FF8FF /* AppDelegate.swift */; };
		C12E5E872A78F834003FF8FF /* ListOfAirTravelVC.swift in Sources */ = {isa = PBXBuildFile; fileRef = C12E5E862A78F834003FF8FF /* ListOfAirTravelVC.swift */; };
		C12E5E8C2A78F835003FF8FF /* Assets.xcassets in Resources */ = {isa = PBXBuildFile; fileRef = C12E5E8B2A78F835003FF8FF /* Assets.xcassets */; };
		C12E5E8F2A78F835003FF8FF /* LaunchScreen.storyboard in Resources */ = {isa = PBXBuildFile; fileRef = C12E5E8D2A78F835003FF8FF /* LaunchScreen.storyboard */; };
		C12E5EA42A78FA7B003FF8FF /* FlightDetailsVC.swift in Sources */ = {isa = PBXBuildFile; fileRef = C12E5EA32A78FA7B003FF8FF /* FlightDetailsVC.swift */; };
		C12E5EA62A78FB4E003FF8FF /* Reusable.swift in Sources */ = {isa = PBXBuildFile; fileRef = C12E5EA52A78FB4E003FF8FF /* Reusable.swift */; };
		C12E5EA82A78FB8C003FF8FF /* TableViewCellModelProtocol.swift in Sources */ = {isa = PBXBuildFile; fileRef = C12E5EA72A78FB8C003FF8FF /* TableViewCellModelProtocol.swift */; };
		C12E5EAA2A78FBA8003FF8FF /* AnyReusableViewModelProtocol.swift in Sources */ = {isa = PBXBuildFile; fileRef = C12E5EA92A78FBA8003FF8FF /* AnyReusableViewModelProtocol.swift */; };
		C12E5EAD2A78FBF3003FF8FF /* UIView+Layout.swift in Sources */ = {isa = PBXBuildFile; fileRef = C12E5EAC2A78FBF3003FF8FF /* UIView+Layout.swift */; };
		C12E5EAF2A78FC61003FF8FF /* UIView+Reusable.swift in Sources */ = {isa = PBXBuildFile; fileRef = C12E5EAE2A78FC61003FF8FF /* UIView+Reusable.swift */; };
		C12E5EB92A790393003FF8FF /* Moya in Frameworks */ = {isa = PBXBuildFile; productRef = C12E5EB82A790393003FF8FF /* Moya */; };
		C12E5EC32A790593003FF8FF /* AirPlaneService.swift in Sources */ = {isa = PBXBuildFile; fileRef = C12E5EC22A790593003FF8FF /* AirPlaneService.swift */; };
		C12E5EDE2A792590003FF8FF /* ListOfAirTravelVM.swift in Sources */ = {isa = PBXBuildFile; fileRef = C12E5EDD2A792590003FF8FF /* ListOfAirTravelVM.swift */; };
		C12E5EE02A7928EF003FF8FF /* AirTravelCellVM.swift in Sources */ = {isa = PBXBuildFile; fileRef = C12E5EDF2A7928EF003FF8FF /* AirTravelCellVM.swift */; };
		C191631C2A7BA81A006A52AF /* AlertManager.swift in Sources */ = {isa = PBXBuildFile; fileRef = C191631B2A7BA81A006A52AF /* AlertManager.swift */; };
		C1A94E052A792FE800AAC9C9 /* SnapKit in Frameworks */ = {isa = PBXBuildFile; productRef = C1A94E042A792FE800AAC9C9 /* SnapKit */; };
		C1A94E082A7943F000AAC9C9 /* String+Date.swift in Sources */ = {isa = PBXBuildFile; fileRef = C1A94E072A7943F000AAC9C9 /* String+Date.swift */; };
		C1A94E0A2A795DA300AAC9C9 /* EmptyCell.swift in Sources */ = {isa = PBXBuildFile; fileRef = C1A94E092A795DA300AAC9C9 /* EmptyCell.swift */; };
		C1A94E0C2A795DD100AAC9C9 /* EmptyCellVM.swift in Sources */ = {isa = PBXBuildFile; fileRef = C1A94E0B2A795DD100AAC9C9 /* EmptyCellVM.swift */; };
		C1A94E102A796A0F00AAC9C9 /* FlightDetailCell.swift in Sources */ = {isa = PBXBuildFile; fileRef = C1A94E0F2A796A0F00AAC9C9 /* FlightDetailCell.swift */; };
		C1A94E152A79748500AAC9C9 /* UICollectionViewCell+Reusable.swift in Sources */ = {isa = PBXBuildFile; fileRef = C1A94E142A79748500AAC9C9 /* UICollectionViewCell+Reusable.swift */; };
		C1A94E172A7974B600AAC9C9 /* UICollectionView+Register.swift in Sources */ = {isa = PBXBuildFile; fileRef = C1A94E162A7974B600AAC9C9 /* UICollectionView+Register.swift */; };
		C1A94E192A7974E600AAC9C9 /* UICollectionView+ViewModel.swift in Sources */ = {isa = PBXBuildFile; fileRef = C1A94E182A7974E600AAC9C9 /* UICollectionView+ViewModel.swift */; };
		C1A94E1B2A79756700AAC9C9 /* CollectionViewCellModelProtocol.swift in Sources */ = {isa = PBXBuildFile; fileRef = C1A94E1A2A79756700AAC9C9 /* CollectionViewCellModelProtocol.swift */; };
		C1A94E1F2A7AE2DA00AAC9C9 /* AppCoordinator.swift in Sources */ = {isa = PBXBuildFile; fileRef = C1A94E1E2A7AE2DA00AAC9C9 /* AppCoordinator.swift */; };
		C1A94E252A7B1B1200AAC9C9 /* ReachabilityManager.swift in Sources */ = {isa = PBXBuildFile; fileRef = C1A94E202A7B1B1100AAC9C9 /* ReachabilityManager.swift */; };
		C1A94E262A7B1B1200AAC9C9 /* NetworkResponseModel.swift in Sources */ = {isa = PBXBuildFile; fileRef = C1A94E212A7B1B1100AAC9C9 /* NetworkResponseModel.swift */; };
		C1A94E272A7B1B1200AAC9C9 /* MultiMoyaProvider.swift in Sources */ = {isa = PBXBuildFile; fileRef = C1A94E222A7B1B1100AAC9C9 /* MultiMoyaProvider.swift */; };
		C1A94E282A7B1B1200AAC9C9 /* NetworkManager.swift in Sources */ = {isa = PBXBuildFile; fileRef = C1A94E232A7B1B1100AAC9C9 /* NetworkManager.swift */; };
		C1A94E292A7B1B1200AAC9C9 /* NetworkServiceErrors.swift in Sources */ = {isa = PBXBuildFile; fileRef = C1A94E242A7B1B1100AAC9C9 /* NetworkServiceErrors.swift */; };
		C1A94E2B2A7B1B3200AAC9C9 /* AirPlaneTarget.swift in Sources */ = {isa = PBXBuildFile; fileRef = C1A94E2A2A7B1B3200AAC9C9 /* AirPlaneTarget.swift */; };
		C1A94E2D2A7B1B3E00AAC9C9 /* TicketResponseModel.swift in Sources */ = {isa = PBXBuildFile; fileRef = C1A94E2C2A7B1B3E00AAC9C9 /* TicketResponseModel.swift */; };
		C1A94E2F2A7B1B8100AAC9C9 /* AirTravelCell.swift in Sources */ = {isa = PBXBuildFile; fileRef = C1A94E2E2A7B1B8100AAC9C9 /* AirTravelCell.swift */; };
		C1A94E312A7B1CE700AAC9C9 /* FlightDetailsCellVM.swift in Sources */ = {isa = PBXBuildFile; fileRef = C1A94E302A7B1CE700AAC9C9 /* FlightDetailsCellVM.swift */; };
		C1A94E332A7B1CF100AAC9C9 /* FlightDetailVM.swift in Sources */ = {isa = PBXBuildFile; fileRef = C1A94E322A7B1CF100AAC9C9 /* FlightDetailVM.swift */; };
/* End PBXBuildFile section */

/* Begin PBXFileReference section */
		C12E5E7F2A78F834003FF8FF /* TimeToTravel.app */ = {isa = PBXFileReference; explicitFileType = wrapper.application; includeInIndex = 0; path = TimeToTravel.app; sourceTree = BUILT_PRODUCTS_DIR; };
		C12E5E822A78F834003FF8FF /* AppDelegate.swift */ = {isa = PBXFileReference; lastKnownFileType = sourcecode.swift; path = AppDelegate.swift; sourceTree = "<group>"; };
		C12E5E862A78F834003FF8FF /* ListOfAirTravelVC.swift */ = {isa = PBXFileReference; lastKnownFileType = sourcecode.swift; path = ListOfAirTravelVC.swift; sourceTree = "<group>"; };
		C12E5E8B2A78F835003FF8FF /* Assets.xcassets */ = {isa = PBXFileReference; lastKnownFileType = folder.assetcatalog; path = Assets.xcassets; sourceTree = "<group>"; };
		C12E5E8E2A78F835003FF8FF /* Base */ = {isa = PBXFileReference; lastKnownFileType = file.storyboard; name = Base; path = Base.lproj/LaunchScreen.storyboard; sourceTree = "<group>"; };
		C12E5E902A78F835003FF8FF /* Info.plist */ = {isa = PBXFileReference; lastKnownFileType = text.plist.xml; path = Info.plist; sourceTree = "<group>"; };
		C12E5EA32A78FA7B003FF8FF /* FlightDetailsVC.swift */ = {isa = PBXFileReference; lastKnownFileType = sourcecode.swift; path = FlightDetailsVC.swift; sourceTree = "<group>"; };
		C12E5EA52A78FB4E003FF8FF /* Reusable.swift */ = {isa = PBXFileReference; lastKnownFileType = sourcecode.swift; path = Reusable.swift; sourceTree = "<group>"; };
		C12E5EA72A78FB8C003FF8FF /* TableViewCellModelProtocol.swift */ = {isa = PBXFileReference; lastKnownFileType = sourcecode.swift; path = TableViewCellModelProtocol.swift; sourceTree = "<group>"; };
		C12E5EA92A78FBA8003FF8FF /* AnyReusableViewModelProtocol.swift */ = {isa = PBXFileReference; lastKnownFileType = sourcecode.swift; path = AnyReusableViewModelProtocol.swift; sourceTree = "<group>"; };
		C12E5EAC2A78FBF3003FF8FF /* UIView+Layout.swift */ = {isa = PBXFileReference; lastKnownFileType = sourcecode.swift; path = "UIView+Layout.swift"; sourceTree = "<group>"; };
		C12E5EAE2A78FC61003FF8FF /* UIView+Reusable.swift */ = {isa = PBXFileReference; lastKnownFileType = sourcecode.swift; path = "UIView+Reusable.swift"; sourceTree = "<group>"; };
		C12E5EC22A790593003FF8FF /* AirPlaneService.swift */ = {isa = PBXFileReference; lastKnownFileType = sourcecode.swift; path = AirPlaneService.swift; sourceTree = "<group>"; };
		C12E5EDD2A792590003FF8FF /* ListOfAirTravelVM.swift */ = {isa = PBXFileReference; lastKnownFileType = sourcecode.swift; path = ListOfAirTravelVM.swift; sourceTree = "<group>"; };
		C12E5EDF2A7928EF003FF8FF /* AirTravelCellVM.swift */ = {isa = PBXFileReference; lastKnownFileType = sourcecode.swift; path = AirTravelCellVM.swift; sourceTree = "<group>"; };
		C191631B2A7BA81A006A52AF /* AlertManager.swift */ = {isa = PBXFileReference; lastKnownFileType = sourcecode.swift; path = AlertManager.swift; sourceTree = "<group>"; };
		C1A94E072A7943F000AAC9C9 /* String+Date.swift */ = {isa = PBXFileReference; lastKnownFileType = sourcecode.swift; path = "String+Date.swift"; sourceTree = "<group>"; };
		C1A94E092A795DA300AAC9C9 /* EmptyCell.swift */ = {isa = PBXFileReference; lastKnownFileType = sourcecode.swift; path = EmptyCell.swift; sourceTree = "<group>"; };
		C1A94E0B2A795DD100AAC9C9 /* EmptyCellVM.swift */ = {isa = PBXFileReference; lastKnownFileType = sourcecode.swift; path = EmptyCellVM.swift; sourceTree = "<group>"; };
		C1A94E0F2A796A0F00AAC9C9 /* FlightDetailCell.swift */ = {isa = PBXFileReference; lastKnownFileType = sourcecode.swift; path = FlightDetailCell.swift; sourceTree = "<group>"; };
		C1A94E142A79748500AAC9C9 /* UICollectionViewCell+Reusable.swift */ = {isa = PBXFileReference; lastKnownFileType = sourcecode.swift; path = "UICollectionViewCell+Reusable.swift"; sourceTree = "<group>"; };
		C1A94E162A7974B600AAC9C9 /* UICollectionView+Register.swift */ = {isa = PBXFileReference; lastKnownFileType = sourcecode.swift; path = "UICollectionView+Register.swift"; sourceTree = "<group>"; };
		C1A94E182A7974E600AAC9C9 /* UICollectionView+ViewModel.swift */ = {isa = PBXFileReference; lastKnownFileType = sourcecode.swift; path = "UICollectionView+ViewModel.swift"; sourceTree = "<group>"; };
		C1A94E1A2A79756700AAC9C9 /* CollectionViewCellModelProtocol.swift */ = {isa = PBXFileReference; lastKnownFileType = sourcecode.swift; path = CollectionViewCellModelProtocol.swift; sourceTree = "<group>"; };
		C1A94E1E2A7AE2DA00AAC9C9 /* AppCoordinator.swift */ = {isa = PBXFileReference; lastKnownFileType = sourcecode.swift; path = AppCoordinator.swift; sourceTree = "<group>"; };
		C1A94E202A7B1B1100AAC9C9 /* ReachabilityManager.swift */ = {isa = PBXFileReference; fileEncoding = 4; lastKnownFileType = sourcecode.swift; path = ReachabilityManager.swift; sourceTree = "<group>"; };
		C1A94E212A7B1B1100AAC9C9 /* NetworkResponseModel.swift */ = {isa = PBXFileReference; fileEncoding = 4; lastKnownFileType = sourcecode.swift; path = NetworkResponseModel.swift; sourceTree = "<group>"; };
		C1A94E222A7B1B1100AAC9C9 /* MultiMoyaProvider.swift */ = {isa = PBXFileReference; fileEncoding = 4; lastKnownFileType = sourcecode.swift; path = MultiMoyaProvider.swift; sourceTree = "<group>"; };
		C1A94E232A7B1B1100AAC9C9 /* NetworkManager.swift */ = {isa = PBXFileReference; fileEncoding = 4; lastKnownFileType = sourcecode.swift; path = NetworkManager.swift; sourceTree = "<group>"; };
		C1A94E242A7B1B1100AAC9C9 /* NetworkServiceErrors.swift */ = {isa = PBXFileReference; fileEncoding = 4; lastKnownFileType = sourcecode.swift; path = NetworkServiceErrors.swift; sourceTree = "<group>"; };
		C1A94E2A2A7B1B3200AAC9C9 /* AirPlaneTarget.swift */ = {isa = PBXFileReference; fileEncoding = 4; lastKnownFileType = sourcecode.swift; path = AirPlaneTarget.swift; sourceTree = "<group>"; };
		C1A94E2C2A7B1B3E00AAC9C9 /* TicketResponseModel.swift */ = {isa = PBXFileReference; fileEncoding = 4; lastKnownFileType = sourcecode.swift; path = TicketResponseModel.swift; sourceTree = "<group>"; };
		C1A94E2E2A7B1B8100AAC9C9 /* AirTravelCell.swift */ = {isa = PBXFileReference; fileEncoding = 4; lastKnownFileType = sourcecode.swift; path = AirTravelCell.swift; sourceTree = "<group>"; };
		C1A94E302A7B1CE700AAC9C9 /* FlightDetailsCellVM.swift */ = {isa = PBXFileReference; fileEncoding = 4; lastKnownFileType = sourcecode.swift; path = FlightDetailsCellVM.swift; sourceTree = "<group>"; };
		C1A94E322A7B1CF100AAC9C9 /* FlightDetailVM.swift */ = {isa = PBXFileReference; fileEncoding = 4; lastKnownFileType = sourcecode.swift; path = FlightDetailVM.swift; sourceTree = "<group>"; };
/* End PBXFileReference section */

/* Begin PBXFrameworksBuildPhase section */
		C12E5E7C2A78F834003FF8FF /* Frameworks */ = {
			isa = PBXFrameworksBuildPhase;
			buildActionMask = 2147483647;
			files = (
				C12E5EB92A790393003FF8FF /* Moya in Frameworks */,
				C1A94E052A792FE800AAC9C9 /* SnapKit in Frameworks */,
			);
			runOnlyForDeploymentPostprocessing = 0;
		};
/* End PBXFrameworksBuildPhase section */

/* Begin PBXGroup section */
		C12E5E762A78F834003FF8FF = {
			isa = PBXGroup;
			children = (
				C12E5E812A78F834003FF8FF /* TimeToTravel */,
				C12E5E802A78F834003FF8FF /* Products */,
			);
			sourceTree = "<group>";
		};
		C12E5E802A78F834003FF8FF /* Products */ = {
			isa = PBXGroup;
			children = (
				C12E5E7F2A78F834003FF8FF /* TimeToTravel.app */,
			);
			name = Products;
			sourceTree = "<group>";
		};
		C12E5E812A78F834003FF8FF /* TimeToTravel */ = {
			isa = PBXGroup;
			children = (
				C12E5EA22A78F9E9003FF8FF /* Resources */,
				C12E5E9E2A78F99A003FF8FF /* Core */,
				C12E5E962A78F929003FF8FF /* Modules */,
			);
			path = TimeToTravel;
			sourceTree = "<group>";
		};
		C12E5E962A78F929003FF8FF /* Modules */ = {
			isa = PBXGroup;
			children = (
				C12E5E972A78F933003FF8FF /* Screens */,
			);
			path = Modules;
			sourceTree = "<group>";
		};
		C12E5E972A78F933003FF8FF /* Screens */ = {
			isa = PBXGroup;
			children = (
				C12E5E982A78F938003FF8FF /* ListOfAirTravel */,
				C12E5E992A78F949003FF8FF /* FlightDetails */,
			);
			path = Screens;
			sourceTree = "<group>";
		};
		C12E5E982A78F938003FF8FF /* ListOfAirTravel */ = {
			isa = PBXGroup;
			children = (
				C12E5EDC2A792579003FF8FF /* ViewModel */,
				C12E5E9A2A78F961003FF8FF /* View */,
			);
			path = ListOfAirTravel;
			sourceTree = "<group>";
		};
		C12E5E992A78F949003FF8FF /* FlightDetails */ = {
			isa = PBXGroup;
			children = (
				C1A94E0D2A79690800AAC9C9 /* ViewModel */,
				C12E5E9D2A78F993003FF8FF /* View */,
			);
			path = FlightDetails;
			sourceTree = "<group>";
		};
		C12E5E9A2A78F961003FF8FF /* View */ = {
			isa = PBXGroup;
			children = (
				C12E5ED72A791B5C003FF8FF /* Cells */,
				C12E5E862A78F834003FF8FF /* ListOfAirTravelVC.swift */,
			);
			path = View;
			sourceTree = "<group>";
		};
		C12E5E9D2A78F993003FF8FF /* View */ = {
			isa = PBXGroup;
			children = (
				C1A94E0E2A79691200AAC9C9 /* Cells */,
				C12E5EA32A78FA7B003FF8FF /* FlightDetailsVC.swift */,
			);
			path = View;
			sourceTree = "<group>";
		};
		C12E5E9E2A78F99A003FF8FF /* Core */ = {
			isa = PBXGroup;
			children = (
				C12E5EC42A7910CC003FF8FF /* Managers */,
				C12E5E9F2A78F9B9003FF8FF /* Extensions */,
				C12E5EA12A78F9D6003FF8FF /* Services */,
				C12E5EA02A78F9CB003FF8FF /* Protocols */,
				C12E5E822A78F834003FF8FF /* AppDelegate.swift */,
				C1A94E1E2A7AE2DA00AAC9C9 /* AppCoordinator.swift */,
			);
			path = Core;
			sourceTree = "<group>";
		};
		C12E5E9F2A78F9B9003FF8FF /* Extensions */ = {
			isa = PBXGroup;
			children = (
				C1A94E132A79746A00AAC9C9 /* UICollectionView */,
				C1A94E072A7943F000AAC9C9 /* String+Date.swift */,
				C12E5EAB2A78FBE7003FF8FF /* UIView */,
			);
			path = Extensions;
			sourceTree = "<group>";
		};
		C12E5EA02A78F9CB003FF8FF /* Protocols */ = {
			isa = PBXGroup;
			children = (
				C12E5EA52A78FB4E003FF8FF /* Reusable.swift */,
				C12E5EA92A78FBA8003FF8FF /* AnyReusableViewModelProtocol.swift */,
				C12E5EA72A78FB8C003FF8FF /* TableViewCellModelProtocol.swift */,
				C1A94E1A2A79756700AAC9C9 /* CollectionViewCellModelProtocol.swift */,
			);
			path = Protocols;
			sourceTree = "<group>";
		};
		C12E5EA12A78F9D6003FF8FF /* Services */ = {
			isa = PBXGroup;
			children = (
				C12E5EBA2A790544003FF8FF /* ListOfAirPlane */,
			);
			path = Services;
			sourceTree = "<group>";
		};
		C12E5EA22A78F9E9003FF8FF /* Resources */ = {
			isa = PBXGroup;
			children = (
				C12E5E8B2A78F835003FF8FF /* Assets.xcassets */,
				C12E5E8D2A78F835003FF8FF /* LaunchScreen.storyboard */,
				C12E5E902A78F835003FF8FF /* Info.plist */,
			);
			path = Resources;
			sourceTree = "<group>";
		};
		C12E5EAB2A78FBE7003FF8FF /* UIView */ = {
			isa = PBXGroup;
			children = (
				C12E5EAC2A78FBF3003FF8FF /* UIView+Layout.swift */,
				C12E5EAE2A78FC61003FF8FF /* UIView+Reusable.swift */,
			);
			path = UIView;
			sourceTree = "<group>";
		};
		C12E5EBA2A790544003FF8FF /* ListOfAirPlane */ = {
			isa = PBXGroup;
			children = (
				C1A94E2A2A7B1B3200AAC9C9 /* AirPlaneTarget.swift */,
				C12E5EBD2A79056F003FF8FF /* Model */,
				C12E5EC22A790593003FF8FF /* AirPlaneService.swift */,
			);
			path = ListOfAirPlane;
			sourceTree = "<group>";
		};
		C12E5EBD2A79056F003FF8FF /* Model */ = {
			isa = PBXGroup;
			children = (
				C1A94E2C2A7B1B3E00AAC9C9 /* TicketResponseModel.swift */,
			);
			path = Model;
			sourceTree = "<group>";
		};
		C12E5EC42A7910CC003FF8FF /* Managers */ = {
			isa = PBXGroup;
			children = (
				C191631A2A7BA80E006A52AF /* AlertManager */,
				C12E5EC52A7910D1003FF8FF /* Network */,
			);
			path = Managers;
			sourceTree = "<group>";
		};
		C12E5EC52A7910D1003FF8FF /* Network */ = {
			isa = PBXGroup;
			children = (
				C1A94E222A7B1B1100AAC9C9 /* MultiMoyaProvider.swift */,
				C1A94E232A7B1B1100AAC9C9 /* NetworkManager.swift */,
				C1A94E212A7B1B1100AAC9C9 /* NetworkResponseModel.swift */,
				C1A94E242A7B1B1100AAC9C9 /* NetworkServiceErrors.swift */,
				C1A94E202A7B1B1100AAC9C9 /* ReachabilityManager.swift */,
			);
			path = Network;
			sourceTree = "<group>";
		};
		C12E5ED72A791B5C003FF8FF /* Cells */ = {
			isa = PBXGroup;
			children = (
				C1A94E2E2A7B1B8100AAC9C9 /* AirTravelCell.swift */,
				C1A94E092A795DA300AAC9C9 /* EmptyCell.swift */,
			);
			path = Cells;
			sourceTree = "<group>";
		};
		C12E5EDC2A792579003FF8FF /* ViewModel */ = {
			isa = PBXGroup;
			children = (
				C12E5EDD2A792590003FF8FF /* ListOfAirTravelVM.swift */,
				C12E5EDF2A7928EF003FF8FF /* AirTravelCellVM.swift */,
				C1A94E0B2A795DD100AAC9C9 /* EmptyCellVM.swift */,
			);
			path = ViewModel;
			sourceTree = "<group>";
		};
		C191631A2A7BA80E006A52AF /* AlertManager */ = {
			isa = PBXGroup;
			children = (
				C191631B2A7BA81A006A52AF /* AlertManager.swift */,
			);
			path = AlertManager;
			sourceTree = "<group>";
		};
		C1A94E0D2A79690800AAC9C9 /* ViewModel */ = {
			isa = PBXGroup;
			children = (
				C1A94E322A7B1CF100AAC9C9 /* FlightDetailVM.swift */,
				C1A94E302A7B1CE700AAC9C9 /* FlightDetailsCellVM.swift */,
			);
			path = ViewModel;
			sourceTree = "<group>";
		};
		C1A94E0E2A79691200AAC9C9 /* Cells */ = {
			isa = PBXGroup;
			children = (
				C1A94E0F2A796A0F00AAC9C9 /* FlightDetailCell.swift */,
			);
			path = Cells;
			sourceTree = "<group>";
		};
		C1A94E132A79746A00AAC9C9 /* UICollectionView */ = {
			isa = PBXGroup;
			children = (
				C1A94E142A79748500AAC9C9 /* UICollectionViewCell+Reusable.swift */,
				C1A94E162A7974B600AAC9C9 /* UICollectionView+Register.swift */,
				C1A94E182A7974E600AAC9C9 /* UICollectionView+ViewModel.swift */,
			);
			path = UICollectionView;
			sourceTree = "<group>";
		};
/* End PBXGroup section */

/* Begin PBXNativeTarget section */
		C12E5E7E2A78F834003FF8FF /* TimeToTravel */ = {
			isa = PBXNativeTarget;
			buildConfigurationList = C12E5E932A78F835003FF8FF /* Build configuration list for PBXNativeTarget "TimeToTravel" */;
			buildPhases = (
				C12E5E7B2A78F834003FF8FF /* Sources */,
				C12E5E7C2A78F834003FF8FF /* Frameworks */,
				C12E5E7D2A78F834003FF8FF /* Resources */,
			);
			buildRules = (
			);
			dependencies = (
			);
			name = TimeToTravel;
			packageProductDependencies = (
				C12E5EB82A790393003FF8FF /* Moya */,
				C1A94E042A792FE800AAC9C9 /* SnapKit */,
			);
			productName = TimeToTravel;
			productReference = C12E5E7F2A78F834003FF8FF /* TimeToTravel.app */;
			productType = "com.apple.product-type.application";
		};
/* End PBXNativeTarget section */

/* Begin PBXProject section */
		C12E5E772A78F834003FF8FF /* Project object */ = {
			isa = PBXProject;
			attributes = {
				BuildIndependentTargetsInParallel = 1;
				LastSwiftUpdateCheck = 1420;
				LastUpgradeCheck = 1420;
				TargetAttributes = {
					C12E5E7E2A78F834003FF8FF = {
						CreatedOnToolsVersion = 14.2;
					};
				};
			};
			buildConfigurationList = C12E5E7A2A78F834003FF8FF /* Build configuration list for PBXProject "TimeToTravel" */;
			compatibilityVersion = "Xcode 14.0";
			developmentRegion = en;
			hasScannedForEncodings = 0;
			knownRegions = (
				en,
				Base,
			);
			mainGroup = C12E5E762A78F834003FF8FF;
			packageReferences = (
				C12E5EB72A790392003FF8FF /* XCRemoteSwiftPackageReference "Moya" */,
				C1A94E032A792FE800AAC9C9 /* XCRemoteSwiftPackageReference "SnapKit" */,
			);
			productRefGroup = C12E5E802A78F834003FF8FF /* Products */;
			projectDirPath = "";
			projectRoot = "";
			targets = (
				C12E5E7E2A78F834003FF8FF /* TimeToTravel */,
			);
		};
/* End PBXProject section */

/* Begin PBXResourcesBuildPhase section */
		C12E5E7D2A78F834003FF8FF /* Resources */ = {
			isa = PBXResourcesBuildPhase;
			buildActionMask = 2147483647;
			files = (
				C12E5E8F2A78F835003FF8FF /* LaunchScreen.storyboard in Resources */,
				C12E5E8C2A78F835003FF8FF /* Assets.xcassets in Resources */,
			);
			runOnlyForDeploymentPostprocessing = 0;
		};
/* End PBXResourcesBuildPhase section */

/* Begin PBXSourcesBuildPhase section */
		C12E5E7B2A78F834003FF8FF /* Sources */ = {
			isa = PBXSourcesBuildPhase;
			buildActionMask = 2147483647;
			files = (
				C12E5EAD2A78FBF3003FF8FF /* UIView+Layout.swift in Sources */,
				C1A94E1F2A7AE2DA00AAC9C9 /* AppCoordinator.swift in Sources */,
				C12E5EDE2A792590003FF8FF /* ListOfAirTravelVM.swift in Sources */,
				C12E5EAF2A78FC61003FF8FF /* UIView+Reusable.swift in Sources */,
				C12E5E872A78F834003FF8FF /* ListOfAirTravelVC.swift in Sources */,
				C1A94E272A7B1B1200AAC9C9 /* MultiMoyaProvider.swift in Sources */,
				C12E5EA42A78FA7B003FF8FF /* FlightDetailsVC.swift in Sources */,
				C1A94E1B2A79756700AAC9C9 /* CollectionViewCellModelProtocol.swift in Sources */,
				C1A94E292A7B1B1200AAC9C9 /* NetworkServiceErrors.swift in Sources */,
				C12E5EC32A790593003FF8FF /* AirPlaneService.swift in Sources */,
				C1A94E2F2A7B1B8100AAC9C9 /* AirTravelCell.swift in Sources */,
				C1A94E252A7B1B1200AAC9C9 /* ReachabilityManager.swift in Sources */,
				C1A94E082A7943F000AAC9C9 /* String+Date.swift in Sources */,
				C12E5EA82A78FB8C003FF8FF /* TableViewCellModelProtocol.swift in Sources */,
				C1A94E2D2A7B1B3E00AAC9C9 /* TicketResponseModel.swift in Sources */,
				C191631C2A7BA81A006A52AF /* AlertManager.swift in Sources */,
				C1A94E262A7B1B1200AAC9C9 /* NetworkResponseModel.swift in Sources */,
				C1A94E0A2A795DA300AAC9C9 /* EmptyCell.swift in Sources */,
				C1A94E282A7B1B1200AAC9C9 /* NetworkManager.swift in Sources */,
				C12E5E832A78F834003FF8FF /* AppDelegate.swift in Sources */,
				C1A94E2B2A7B1B3200AAC9C9 /* AirPlaneTarget.swift in Sources */,
				C1A94E172A7974B600AAC9C9 /* UICollectionView+Register.swift in Sources */,
				C12E5EE02A7928EF003FF8FF /* AirTravelCellVM.swift in Sources */,
				C1A94E192A7974E600AAC9C9 /* UICollectionView+ViewModel.swift in Sources */,
				C1A94E0C2A795DD100AAC9C9 /* EmptyCellVM.swift in Sources */,
				C1A94E312A7B1CE700AAC9C9 /* FlightDetailsCellVM.swift in Sources */,
				C1A94E152A79748500AAC9C9 /* UICollectionViewCell+Reusable.swift in Sources */,
				C1A94E102A796A0F00AAC9C9 /* FlightDetailCell.swift in Sources */,
				C12E5EAA2A78FBA8003FF8FF /* AnyReusableViewModelProtocol.swift in Sources */,
				C12E5EA62A78FB4E003FF8FF /* Reusable.swift in Sources */,
				C1A94E332A7B1CF100AAC9C9 /* FlightDetailVM.swift in Sources */,
			);
			runOnlyForDeploymentPostprocessing = 0;
		};
/* End PBXSourcesBuildPhase section */

/* Begin PBXVariantGroup section */
		C12E5E8D2A78F835003FF8FF /* LaunchScreen.storyboard */ = {
			isa = PBXVariantGroup;
			children = (
				C12E5E8E2A78F835003FF8FF /* Base */,
			);
			name = LaunchScreen.storyboard;
			sourceTree = "<group>";
		};
/* End PBXVariantGroup section */

/* Begin XCBuildConfiguration section */
		C12E5E912A78F835003FF8FF /* Debug */ = {
			isa = XCBuildConfiguration;
			buildSettings = {
				ALWAYS_SEARCH_USER_PATHS = NO;
				CLANG_ANALYZER_NONNULL = YES;
				CLANG_ANALYZER_NUMBER_OBJECT_CONVERSION = YES_AGGRESSIVE;
				CLANG_CXX_LANGUAGE_STANDARD = "gnu++20";
				CLANG_ENABLE_MODULES = YES;
				CLANG_ENABLE_OBJC_ARC = YES;
				CLANG_ENABLE_OBJC_WEAK = YES;
				CLANG_WARN_BLOCK_CAPTURE_AUTORELEASING = YES;
				CLANG_WARN_BOOL_CONVERSION = YES;
				CLANG_WARN_COMMA = YES;
				CLANG_WARN_CONSTANT_CONVERSION = YES;
				CLANG_WARN_DEPRECATED_OBJC_IMPLEMENTATIONS = YES;
				CLANG_WARN_DIRECT_OBJC_ISA_USAGE = YES_ERROR;
				CLANG_WARN_DOCUMENTATION_COMMENTS = YES;
				CLANG_WARN_EMPTY_BODY = YES;
				CLANG_WARN_ENUM_CONVERSION = YES;
				CLANG_WARN_INFINITE_RECURSION = YES;
				CLANG_WARN_INT_CONVERSION = YES;
				CLANG_WARN_NON_LITERAL_NULL_CONVERSION = YES;
				CLANG_WARN_OBJC_IMPLICIT_RETAIN_SELF = YES;
				CLANG_WARN_OBJC_LITERAL_CONVERSION = YES;
				CLANG_WARN_OBJC_ROOT_CLASS = YES_ERROR;
				CLANG_WARN_QUOTED_INCLUDE_IN_FRAMEWORK_HEADER = YES;
				CLANG_WARN_RANGE_LOOP_ANALYSIS = YES;
				CLANG_WARN_STRICT_PROTOTYPES = YES;
				CLANG_WARN_SUSPICIOUS_MOVE = YES;
				CLANG_WARN_UNGUARDED_AVAILABILITY = YES_AGGRESSIVE;
				CLANG_WARN_UNREACHABLE_CODE = YES;
				CLANG_WARN__DUPLICATE_METHOD_MATCH = YES;
				COPY_PHASE_STRIP = NO;
				DEBUG_INFORMATION_FORMAT = dwarf;
				ENABLE_STRICT_OBJC_MSGSEND = YES;
				ENABLE_TESTABILITY = YES;
				GCC_C_LANGUAGE_STANDARD = gnu11;
				GCC_DYNAMIC_NO_PIC = NO;
				GCC_NO_COMMON_BLOCKS = YES;
				GCC_OPTIMIZATION_LEVEL = 0;
				GCC_PREPROCESSOR_DEFINITIONS = (
					"DEBUG=1",
					"$(inherited)",
				);
				GCC_WARN_64_TO_32_BIT_CONVERSION = YES;
				GCC_WARN_ABOUT_RETURN_TYPE = YES_ERROR;
				GCC_WARN_UNDECLARED_SELECTOR = YES;
				GCC_WARN_UNINITIALIZED_AUTOS = YES_AGGRESSIVE;
				GCC_WARN_UNUSED_FUNCTION = YES;
				GCC_WARN_UNUSED_VARIABLE = YES;
				IPHONEOS_DEPLOYMENT_TARGET = 16.2;
				MTL_ENABLE_DEBUG_INFO = INCLUDE_SOURCE;
				MTL_FAST_MATH = YES;
				ONLY_ACTIVE_ARCH = YES;
				SDKROOT = iphoneos;
				SWIFT_ACTIVE_COMPILATION_CONDITIONS = DEBUG;
				SWIFT_OPTIMIZATION_LEVEL = "-Onone";
			};
			name = Debug;
		};
		C12E5E922A78F835003FF8FF /* Release */ = {
			isa = XCBuildConfiguration;
			buildSettings = {
				ALWAYS_SEARCH_USER_PATHS = NO;
				CLANG_ANALYZER_NONNULL = YES;
				CLANG_ANALYZER_NUMBER_OBJECT_CONVERSION = YES_AGGRESSIVE;
				CLANG_CXX_LANGUAGE_STANDARD = "gnu++20";
				CLANG_ENABLE_MODULES = YES;
				CLANG_ENABLE_OBJC_ARC = YES;
				CLANG_ENABLE_OBJC_WEAK = YES;
				CLANG_WARN_BLOCK_CAPTURE_AUTORELEASING = YES;
				CLANG_WARN_BOOL_CONVERSION = YES;
				CLANG_WARN_COMMA = YES;
				CLANG_WARN_CONSTANT_CONVERSION = YES;
				CLANG_WARN_DEPRECATED_OBJC_IMPLEMENTATIONS = YES;
				CLANG_WARN_DIRECT_OBJC_ISA_USAGE = YES_ERROR;
				CLANG_WARN_DOCUMENTATION_COMMENTS = YES;
				CLANG_WARN_EMPTY_BODY = YES;
				CLANG_WARN_ENUM_CONVERSION = YES;
				CLANG_WARN_INFINITE_RECURSION = YES;
				CLANG_WARN_INT_CONVERSION = YES;
				CLANG_WARN_NON_LITERAL_NULL_CONVERSION = YES;
				CLANG_WARN_OBJC_IMPLICIT_RETAIN_SELF = YES;
				CLANG_WARN_OBJC_LITERAL_CONVERSION = YES;
				CLANG_WARN_OBJC_ROOT_CLASS = YES_ERROR;
				CLANG_WARN_QUOTED_INCLUDE_IN_FRAMEWORK_HEADER = YES;
				CLANG_WARN_RANGE_LOOP_ANALYSIS = YES;
				CLANG_WARN_STRICT_PROTOTYPES = YES;
				CLANG_WARN_SUSPICIOUS_MOVE = YES;
				CLANG_WARN_UNGUARDED_AVAILABILITY = YES_AGGRESSIVE;
				CLANG_WARN_UNREACHABLE_CODE = YES;
				CLANG_WARN__DUPLICATE_METHOD_MATCH = YES;
				COPY_PHASE_STRIP = NO;
				DEBUG_INFORMATION_FORMAT = "dwarf-with-dsym";
				ENABLE_NS_ASSERTIONS = NO;
				ENABLE_STRICT_OBJC_MSGSEND = YES;
				GCC_C_LANGUAGE_STANDARD = gnu11;
				GCC_NO_COMMON_BLOCKS = YES;
				GCC_WARN_64_TO_32_BIT_CONVERSION = YES;
				GCC_WARN_ABOUT_RETURN_TYPE = YES_ERROR;
				GCC_WARN_UNDECLARED_SELECTOR = YES;
				GCC_WARN_UNINITIALIZED_AUTOS = YES_AGGRESSIVE;
				GCC_WARN_UNUSED_FUNCTION = YES;
				GCC_WARN_UNUSED_VARIABLE = YES;
				IPHONEOS_DEPLOYMENT_TARGET = 16.2;
				MTL_ENABLE_DEBUG_INFO = NO;
				MTL_FAST_MATH = YES;
				SDKROOT = iphoneos;
				SWIFT_COMPILATION_MODE = wholemodule;
				SWIFT_OPTIMIZATION_LEVEL = "-O";
				VALIDATE_PRODUCT = YES;
			};
			name = Release;
		};
		C12E5E942A78F835003FF8FF /* Debug */ = {
			isa = XCBuildConfiguration;
			buildSettings = {
				ASSETCATALOG_COMPILER_APPICON_NAME = AppIcon;
				ASSETCATALOG_COMPILER_GLOBAL_ACCENT_COLOR_NAME = AccentColor;
				CODE_SIGN_STYLE = Automatic;
				CURRENT_PROJECT_VERSION = 1;
				DEVELOPMENT_TEAM = RMW6246449;
				GENERATE_INFOPLIST_FILE = YES;
				INFOPLIST_FILE = TimeToTravel/Resources/Info.plist;
				INFOPLIST_KEY_CFBundleDisplayName = "Time to travel";
				INFOPLIST_KEY_LSApplicationCategoryType = "public.app-category.travel";
				INFOPLIST_KEY_UIApplicationSupportsIndirectInputEvents = YES;
				INFOPLIST_KEY_UILaunchStoryboardName = LaunchScreen;
				INFOPLIST_KEY_UIStatusBarStyle = UIStatusBarStyleDarkContent;
				INFOPLIST_KEY_UISupportedInterfaceOrientations = UIInterfaceOrientationPortrait;
				IPHONEOS_DEPLOYMENT_TARGET = 14.0;
				LD_RUNPATH_SEARCH_PATHS = (
					"$(inherited)",
					"@executable_path/Frameworks",
				);
				MARKETING_VERSION = 1.0;
				PRODUCT_BUNDLE_IDENTIFIER = ru.TimeToTravel;
				PRODUCT_NAME = "$(TARGET_NAME)";
				SUPPORTED_PLATFORMS = "iphoneos iphonesimulator";
				SUPPORTS_MACCATALYST = NO;
				SUPPORTS_MAC_DESIGNED_FOR_IPHONE_IPAD = YES;
				SWIFT_EMIT_LOC_STRINGS = YES;
				SWIFT_VERSION = 5.0;
				TARGETED_DEVICE_FAMILY = 1;
			};
			name = Debug;
		};
		C12E5E952A78F835003FF8FF /* Release */ = {
			isa = XCBuildConfiguration;
			buildSettings = {
				ASSETCATALOG_COMPILER_APPICON_NAME = AppIcon;
				ASSETCATALOG_COMPILER_GLOBAL_ACCENT_COLOR_NAME = AccentColor;
				CODE_SIGN_STYLE = Automatic;
				CURRENT_PROJECT_VERSION = 1;
				DEVELOPMENT_TEAM = RMW6246449;
				GENERATE_INFOPLIST_FILE = YES;
				INFOPLIST_FILE = TimeToTravel/Resources/Info.plist;
				INFOPLIST_KEY_CFBundleDisplayName = "Time to travel";
				INFOPLIST_KEY_LSApplicationCategoryType = "public.app-category.travel";
				INFOPLIST_KEY_UIApplicationSupportsIndirectInputEvents = YES;
				INFOPLIST_KEY_UILaunchStoryboardName = LaunchScreen;
				INFOPLIST_KEY_UIStatusBarStyle = UIStatusBarStyleDarkContent;
				INFOPLIST_KEY_UISupportedInterfaceOrientations = UIInterfaceOrientationPortrait;
				IPHONEOS_DEPLOYMENT_TARGET = 14.0;
				LD_RUNPATH_SEARCH_PATHS = (
					"$(inherited)",
					"@executable_path/Frameworks",
				);
				MARKETING_VERSION = 1.0;
				PRODUCT_BUNDLE_IDENTIFIER = ru.TimeToTravel;
				PRODUCT_NAME = "$(TARGET_NAME)";
				SUPPORTED_PLATFORMS = "iphoneos iphonesimulator";
				SUPPORTS_MACCATALYST = NO;
				SUPPORTS_MAC_DESIGNED_FOR_IPHONE_IPAD = YES;
				SWIFT_EMIT_LOC_STRINGS = YES;
				SWIFT_VERSION = 5.0;
				TARGETED_DEVICE_FAMILY = 1;
			};
			name = Release;
		};
/* End XCBuildConfiguration section */

/* Begin XCConfigurationList section */
		C12E5E7A2A78F834003FF8FF /* Build configuration list for PBXProject "TimeToTravel" */ = {
			isa = XCConfigurationList;
			buildConfigurations = (
				C12E5E912A78F835003FF8FF /* Debug */,
				C12E5E922A78F835003FF8FF /* Release */,
			);
			defaultConfigurationIsVisible = 0;
			defaultConfigurationName = Release;
		};
		C12E5E932A78F835003FF8FF /* Build configuration list for PBXNativeTarget "TimeToTravel" */ = {
			isa = XCConfigurationList;
			buildConfigurations = (
				C12E5E942A78F835003FF8FF /* Debug */,
				C12E5E952A78F835003FF8FF /* Release */,
			);
			defaultConfigurationIsVisible = 0;
			defaultConfigurationName = Release;
		};
/* End XCConfigurationList section */

/* Begin XCRemoteSwiftPackageReference section */
		C12E5EB72A790392003FF8FF /* XCRemoteSwiftPackageReference "Moya" */ = {
			isa = XCRemoteSwiftPackageReference;
			repositoryURL = "https://github.com/Moya/Moya";
			requirement = {
				kind = upToNextMajorVersion;
				minimumVersion = 15.0.0;
			};
		};
		C1A94E032A792FE800AAC9C9 /* XCRemoteSwiftPackageReference "SnapKit" */ = {
			isa = XCRemoteSwiftPackageReference;
			repositoryURL = "https://github.com/SnapKit/SnapKit";
			requirement = {
				kind = upToNextMajorVersion;
				minimumVersion = 5.0.1;
			};
		};
/* End XCRemoteSwiftPackageReference section */

/* Begin XCSwiftPackageProductDependency section */
		C12E5EB82A790393003FF8FF /* Moya */ = {
			isa = XCSwiftPackageProductDependency;
			package = C12E5EB72A790392003FF8FF /* XCRemoteSwiftPackageReference "Moya" */;
			productName = Moya;
		};
		C1A94E042A792FE800AAC9C9 /* SnapKit */ = {
			isa = XCSwiftPackageProductDependency;
			package = C1A94E032A792FE800AAC9C9 /* XCRemoteSwiftPackageReference "SnapKit" */;
			productName = SnapKit;
		};
/* End XCSwiftPackageProductDependency section */
	};
	rootObject = C12E5E772A78F834003FF8FF /* Project object */;
}
